
Microsoft Visual Studio Solution File, Format Version 12.00
# Visual Studio 14
VisualStudioVersion = 14.0.24720.0
MinimumVisualStudioVersion = 10.0.40219.1
Project("{2150E333-8FDC-42A3-9474-1A3956D46DE8}") = ".nuget", ".nuget", "{6D481D76-6D4C-467D-9688-15718D5AEF20}"
	ProjectSection(SolutionItems) = preProject
		.nuget\NuGet.Config = .nuget\NuGet.Config
		.nuget\NuGet.exe = .nuget\NuGet.exe
		.nuget\NuGet.targets = .nuget\NuGet.targets
	EndProjectSection
EndProject
Project("{FAE04EC0-301F-11D3-BF4B-00C04F79EFBC}") = "App.Lib", "App.Lib\App.Lib.csproj", "{6B4C6ECC-6CFB-4D68-8E46-5897A4DC5AE4}"
EndProject
Project("{FAE04EC0-301F-11D3-BF4B-00C04F79EFBC}") = "App.Admin", "App.Admin\App.Admin.csproj", "{C5458FE4-9D36-490F-A3CF-A3598489DE79}"
EndProject
Global
	GlobalSection(SolutionConfigurationPlatforms) = preSolution
		Debug|Any CPU = Debug|Any CPU
		Release|Any CPU = Release|Any CPU
	EndGlobalSection
	GlobalSection(ProjectConfigurationPlatforms) = postSolution
		{6B4C6ECC-6CFB-4D68-8E46-5897A4DC5AE4}.Debug|Any CPU.ActiveCfg = Debug|Any CPU
		{6B4C6ECC-6CFB-4D68-8E46-5897A4DC5AE4}.Debug|Any CPU.Build.0 = Debug|Any CPU
		{6B4C6ECC-6CFB-4D68-8E46-5897A4DC5AE4}.Release|Any CPU.ActiveCfg = Release|Any CPU
		{6B4C6ECC-6CFB-4D68-8E46-5897A4DC5AE4}.Release|Any CPU.Build.0 = Release|Any CPU
		{C5458FE4-9D36-490F-A3CF-A3598489DE79}.Debug|Any CPU.ActiveCfg = Debug|Any CPU
		{C5458FE4-9D36-490F-A3CF-A3598489DE79}.Debug|Any CPU.Build.0 = Debug|Any CPU
		{C5458FE4-9D36-490F-A3CF-A3598489DE79}.Release|Any CPU.ActiveCfg = Release|Any CPU
		{C5458FE4-9D36-490F-A3CF-A3598489DE79}.Release|Any CPU.Build.0 = Release|Any CPU
	EndGlobalSection
	GlobalSection(SolutionProperties) = preSolution
		HideSolutionNode = FALSE
	EndGlobalSection
	GlobalSection(ExtensibilityGlobals) = postSolution
		EnterpriseLibraryConfigurationToolBinariesPathV6 = packages\EnterpriseLibrary.Common.6.0.1304.0\lib\NET45;packages\EnterpriseLibrary.Data.6.0.1304.0\lib\NET45
	EndGlobalSection
EndGlobal
